{
  "pins" : [
    {
      "identity" : "flagsmith-ios-client",
      "kind" : "remoteSourceControl",
      "location" : "https://github.com/Flagsmith/flagsmith-ios-client.git",
      "state" : {
        "revision" : "3d6b5361645bdfcbab67bd9b694d5a19160df79c",
        "version" : "3.4.0"
      }
    },
    {
      "identity" : "mixpanel-swift",
      "kind" : "remoteSourceControl",
      "location" : "https://github.com/mixpanel/mixpanel-swift",
      "state" : {
        "branch" : "master",
        "revision" : "c6336881a077d283db6f6d6e2f242977250230bd"
      }
    },
    {
      "identity" : "sentry-cocoa",
      "kind" : "remoteSourceControl",
      "location" : "https://github.com/getsentry/sentry-cocoa.git",
      "state" : {
        "revision" : "c60f232c96264c3bea75bc0b81e6126b2f7475ee",
        "version" : "8.15.2"
      }
    }
  ],
  "version" : 2
}
